PODS:
  - LoyaltyStation (4.2.0)

DEPENDENCIES:
  - LoyaltyStation (from `./LoyaltyStation.podspec`)

EXTERNAL SOURCES:
  LoyaltyStation:
    :path: "./LoyaltyStation.podspec"

SPEC CHECKSUMS:
  LoyaltyStation: f48d9c71c0694eb4ed56a6b25379650e61fa1d02

PODFILE CHECKSUM: 5297789b0cea6661d773b39feb29d2d0447d7b13

COCOAPODS: 1.9.3
